Microsoft Visual Studio Solution File, Format Version 12.00
# Visual Studio Version 17
VisualStudioVersion = 17.5.2.0
MinimumVisualStudioVersion = 10.0.40219.1
Project("{FAE04EC0-301F-11D3-BF4B-00C04F79EFBC}") = "MyPostgreApi", "MyPostgreApi\MyPostgreApi.csproj", "{B0F3AFB7-5199-BCE5-627E-C1A44051B281}"
EndProject
Global
	GlobalSection(SolutionConfigurationPlatforms) = preSolution
		Debug|Any CPU = Debug|Any CPU
		Release|Any CPU = Release|Any CPU
	EndGlobalSection
	GlobalSection(ProjectConfigurationPlatforms) = postSolution
		{B0F3AFB7-5199-BCE5-627E-C1A44051B281}.Debug|Any CPU.ActiveCfg = Debug|Any CPU
		{B0F3AFB7-5199-BCE5-627E-C1A44051B281}.Debug|Any CPU.Build.0 = Debug|Any CPU
		{B0F3AFB7-5199-BCE5-627E-C1A44051B281}.Release|Any CPU.ActiveCfg = Release|Any CPU
		{B0F3AFB7-5199-BCE5-627E-C1A44051B281}.Release|Any CPU.Build.0 = Release|Any CPU
	EndGlobalSection
	GlobalSection(SolutionProperties) = preSolution
		HideSolutionNode = FALSE
	EndGlobalSection
	GlobalSection(ExtensibilityGlobals) = postSolution
		SolutionGuid = {0ACC1528-AE19-480A-A6E4-054EE3A61B90}
	EndGlobalSection
EndGlobal
